// !$*UTF8*$!
{
	archiveVersion = 1;
	classes = {
	};
	objectVersion = 56;
	objects = {

/* Begin PBXBuildFile section */
		0E447FD329BB50FA00439796 /* SlotAction.swift in Sources */ = {isa = PBXBuildFile; fileRef = 0E447FC429BB50FA00439796 /* SlotAction.swift */; };
		0E447FD429BB50FB00439796 /* BufferCondition.swift in Sources */ = {isa = PBXBuildFile; fileRef = 0E447FC529BB50FA00439796 /* BufferCondition.swift */; };
		0E447FD529BB50FB00439796 /* Model.swift in Sources */ = {isa = PBXBuildFile; fileRef = 0E447FC629BB50FA00439796 /* Model.swift */; };
		0E447FD629BB50FB00439796 /* Procedural.swift in Sources */ = {isa = PBXBuildFile; fileRef = 0E447FC729BB50FA00439796 /* Procedural.swift */; };
		0E447FD729BB50FB00439796 /* Instantiation.swift in Sources */ = {isa = PBXBuildFile; fileRef = 0E447FC829BB50FA00439796 /* Instantiation.swift */; };
		0E447FD829BB50FB00439796 /* Temporal.swift in Sources */ = {isa = PBXBuildFile; fileRef = 0E447FC929BB50FA00439796 /* Temporal.swift */; };
		0E447FD929BB50FB00439796 /* Vision.swift in Sources */ = {isa = PBXBuildFile; fileRef = 0E447FCA29BB50FA00439796 /* Vision.swift */; };
		0E447FDA29BB50FB00439796 /* Tokenizer.swift in Sources */ = {isa = PBXBuildFile; fileRef = 0E447FCB29BB50FA00439796 /* Tokenizer.swift */; };
		0E447FDB29BB50FB00439796 /* SlotCondition.swift in Sources */ = {isa = PBXBuildFile; fileRef = 0E447FCC29BB50FA00439796 /* SlotCondition.swift */; };
		0E447FDC29BB50FB00439796 /* BufferAction.swift in Sources */ = {isa = PBXBuildFile; fileRef = 0E447FCD29BB50FA00439796 /* BufferAction.swift */; };
		0E447FDD29BB50FB00439796 /* Support.swift in Sources */ = {isa = PBXBuildFile; fileRef = 0E447FCE29BB50FA00439796 /* Support.swift */; };
		0E447FDE29BB50FB00439796 /* Parser.swift in Sources */ = {isa = PBXBuildFile; fileRef = 0E447FCF29BB50FA00439796 /* Parser.swift */; };
		0E447FDF29BB50FB00439796 /* Declarative.swift in Sources */ = {isa = PBXBuildFile; fileRef = 0E447FD029BB50FA00439796 /* Declarative.swift */; };
		0E447FE029BB50FB00439796 /* Chunk.swift in Sources */ = {isa = PBXBuildFile; fileRef = 0E447FD129BB50FA00439796 /* Chunk.swift */; };
		0E447FE129BB50FB00439796 /* Production.swift in Sources */ = {isa = PBXBuildFile; fileRef = 0E447FD229BB50FA00439796 /* Production.swift */; };
		0EBE46A629BB4470009753F8 /* GameView.swift in Sources */ = {isa = PBXBuildFile; fileRef = 0EBE46A529BB4470009753F8 /* GameView.swift */; };
		0EBE46A829BB466A009753F8 /* MainView.swift in Sources */ = {isa = PBXBuildFile; fileRef = 0EBE46A729BB466A009753F8 /* MainView.swift */; };
		6C4B510029A0EFA800001683 /* The_MindApp.swift in Sources */ = {isa = PBXBuildFile; fileRef = 6C4B50FF29A0EFA800001683 /* The_MindApp.swift */; };
		6C4B510429A0EFAA00001683 /* Assets.xcassets in Resources */ = {isa = PBXBuildFile; fileRef = 6C4B510329A0EFAA00001683 /* Assets.xcassets */; };
		6C4B510729A0EFAA00001683 /* Preview Assets.xcassets in Resources */ = {isa = PBXBuildFile; fileRef = 6C4B510629A0EFAA00001683 /* Preview Assets.xcassets */; };
		6CA9C41829BCC72600B0C718 /* MenuView.swift in Sources */ = {isa = PBXBuildFile; fileRef = 6CA9C41729BCC72600B0C718 /* MenuView.swift */; };
		6CDEA7A929AA2ED70015F9D1 /* TM_Model.swift in Sources */ = {isa = PBXBuildFile; fileRef = 6CDEA7A829AA2ED70015F9D1 /* TM_Model.swift */; };
		6CDEA7AB29AA34D80015F9D1 /* TM_ViewModel.swift in Sources */ = {isa = PBXBuildFile; fileRef = 6CDEA7AA29AA34D80015F9D1 /* TM_ViewModel.swift */; };
/* End PBXBuildFile section */

/* Begin PBXFileReference section */
		0E447FC429BB50FA00439796 /* SlotAction.swift */ = {isa = PBXFileReference; fileEncoding = 4; lastKnownFileType = sourcecode.swift; path = SlotAction.swift; sourceTree = "<group>"; };
		0E447FC529BB50FA00439796 /* BufferCondition.swift */ = {isa = PBXFileReference; fileEncoding = 4; lastKnownFileType = sourcecode.swift; path = BufferCondition.swift; sourceTree = "<group>"; };
		0E447FC629BB50FA00439796 /* Model.swift */ = {isa = PBXFileReference; fileEncoding = 4; lastKnownFileType = sourcecode.swift; path = Model.swift; sourceTree = "<group>"; };
		0E447FC729BB50FA00439796 /* Procedural.swift */ = {isa = PBXFileReference; fileEncoding = 4; lastKnownFileType = sourcecode.swift; path = Procedural.swift; sourceTree = "<group>"; };
		0E447FC829BB50FA00439796 /* Instantiation.swift */ = {isa = PBXFileReference; fileEncoding = 4; lastKnownFileType = sourcecode.swift; path = Instantiation.swift; sourceTree = "<group>"; };
		0E447FC929BB50FA00439796 /* Temporal.swift */ = {isa = PBXFileReference; fileEncoding = 4; lastKnownFileType = sourcecode.swift; path = Temporal.swift; sourceTree = "<group>"; };
		0E447FCA29BB50FA00439796 /* Vision.swift */ = {isa = PBXFileReference; fileEncoding = 4; lastKnownFileType = sourcecode.swift; path = Vision.swift; sourceTree = "<group>"; };
		0E447FCB29BB50FA00439796 /* Tokenizer.swift */ = {isa = PBXFileReference; fileEncoding = 4; lastKnownFileType = sourcecode.swift; path = Tokenizer.swift; sourceTree = "<group>"; };
		0E447FCC29BB50FA00439796 /* SlotCondition.swift */ = {isa = PBXFileReference; fileEncoding = 4; lastKnownFileType = sourcecode.swift; path = SlotCondition.swift; sourceTree = "<group>"; };
		0E447FCD29BB50FA00439796 /* BufferAction.swift */ = {isa = PBXFileReference; fileEncoding = 4; lastKnownFileType = sourcecode.swift; path = BufferAction.swift; sourceTree = "<group>"; };
		0E447FCE29BB50FA00439796 /* Support.swift */ = {isa = PBXFileReference; fileEncoding = 4; lastKnownFileType = sourcecode.swift; path = Support.swift; sourceTree = "<group>"; };
		0E447FCF29BB50FA00439796 /* Parser.swift */ = {isa = PBXFileReference; fileEncoding = 4; lastKnownFileType = sourcecode.swift; path = Parser.swift; sourceTree = "<group>"; };
		0E447FD029BB50FA00439796 /* Declarative.swift */ = {isa = PBXFileReference; fileEncoding = 4; lastKnownFileType = sourcecode.swift; path = Declarative.swift; sourceTree = "<group>"; };
		0E447FD129BB50FA00439796 /* Chunk.swift */ = {isa = PBXFileReference; fileEncoding = 4; lastKnownFileType = sourcecode.swift; path = Chunk.swift; sourceTree = "<group>"; };
		0E447FD229BB50FA00439796 /* Production.swift */ = {isa = PBXFileReference; fileEncoding = 4; lastKnownFileType = sourcecode.swift; path = Production.swift; sourceTree = "<group>"; };
		0EBE46A529BB4470009753F8 /* GameView.swift */ = {isa = PBXFileReference; lastKnownFileType = sourcecode.swift; path = GameView.swift; sourceTree = "<group>"; };
		0EBE46A729BB466A009753F8 /* MainView.swift */ = {isa = PBXFileReference; lastKnownFileType = sourcecode.swift; path = MainView.swift; sourceTree = "<group>"; };
		6C4B50FC29A0EFA800001683 /* The Mind.app */ = {isa = PBXFileReference; explicitFileType = wrapper.application; includeInIndex = 0; path = "The Mind.app"; sourceTree = BUILT_PRODUCTS_DIR; };
		6C4B50FF29A0EFA800001683 /* The_MindApp.swift */ = {isa = PBXFileReference; lastKnownFileType = sourcecode.swift; path = The_MindApp.swift; sourceTree = "<group>"; };
		6C4B510329A0EFAA00001683 /* Assets.xcassets */ = {isa = PBXFileReference; lastKnownFileType = folder.assetcatalog; path = Assets.xcassets; sourceTree = "<group>"; };
		6C4B510629A0EFAA00001683 /* Preview Assets.xcassets */ = {isa = PBXFileReference; lastKnownFileType = folder.assetcatalog; path = "Preview Assets.xcassets"; sourceTree = "<group>"; };
		6CA9C41729BCC72600B0C718 /* MenuView.swift */ = {isa = PBXFileReference; lastKnownFileType = sourcecode.swift; path = MenuView.swift; sourceTree = "<group>"; };
		6CDEA7A829AA2ED70015F9D1 /* TM_Model.swift */ = {isa = PBXFileReference; lastKnownFileType = sourcecode.swift; path = TM_Model.swift; sourceTree = "<group>"; };
		6CDEA7AA29AA34D80015F9D1 /* TM_ViewModel.swift */ = {isa = PBXFileReference; lastKnownFileType = sourcecode.swift; path = TM_ViewModel.swift; sourceTree = "<group>"; };
/* End PBXFileReference section */

/* Begin PBXFrameworksBuildPhase section */
		6C4B50F929A0EFA800001683 /* Frameworks */ = {
			isa = PBXFrameworksBuildPhase;
			buildActionMask = 2147483647;
			files = (
			);
			runOnlyForDeploymentPostprocessing = 0;
		};
/* End PBXFrameworksBuildPhase section */

/* Begin PBXGroup section */
		0E447FC329BB50FA00439796 /* ACT-R */ = {
			isa = PBXGroup;
			children = (
				0E447FC429BB50FA00439796 /* SlotAction.swift */,
				0E447FC529BB50FA00439796 /* BufferCondition.swift */,
				0E447FC629BB50FA00439796 /* Model.swift */,
				0E447FC729BB50FA00439796 /* Procedural.swift */,
				0E447FC829BB50FA00439796 /* Instantiation.swift */,
				0E447FC929BB50FA00439796 /* Temporal.swift */,
				0E447FCA29BB50FA00439796 /* Vision.swift */,
				0E447FCB29BB50FA00439796 /* Tokenizer.swift */,
				0E447FCC29BB50FA00439796 /* SlotCondition.swift */,
				0E447FCD29BB50FA00439796 /* BufferAction.swift */,
				0E447FCE29BB50FA00439796 /* Support.swift */,
				0E447FCF29BB50FA00439796 /* Parser.swift */,
				0E447FD029BB50FA00439796 /* Declarative.swift */,
				0E447FD129BB50FA00439796 /* Chunk.swift */,
				0E447FD229BB50FA00439796 /* Production.swift */,
			);
			path = "ACT-R";
			sourceTree = "<group>";
		};
		0EBE46A429BB40CA009753F8 /* Views */ = {
			isa = PBXGroup;
			children = (
				0EBE46A529BB4470009753F8 /* GameView.swift */,
				0EBE46A729BB466A009753F8 /* MainView.swift */,
				6CA9C41729BCC72600B0C718 /* MenuView.swift */,
			);
			path = Views;
			sourceTree = "<group>";
		};
		6C4B50F329A0EFA800001683 = {
			isa = PBXGroup;
			children = (
				6C4B50FE29A0EFA800001683 /* The Mind */,
				6C4B50FD29A0EFA800001683 /* Products */,
			);
			sourceTree = "<group>";
		};
		6C4B50FD29A0EFA800001683 /* Products */ = {
			isa = PBXGroup;
			children = (
				6C4B50FC29A0EFA800001683 /* The Mind.app */,
			);
			name = Products;
			sourceTree = "<group>";
		};
		6C4B50FE29A0EFA800001683 /* The Mind */ = {
			isa = PBXGroup;
			children = (
				0E447FC329BB50FA00439796 /* ACT-R */,
				0EBE46A429BB40CA009753F8 /* Views */,
				6C4B50FF29A0EFA800001683 /* The_MindApp.swift */,
				6CDEA7A829AA2ED70015F9D1 /* TM_Model.swift */,
				6CDEA7AA29AA34D80015F9D1 /* TM_ViewModel.swift */,
				6C4B510329A0EFAA00001683 /* Assets.xcassets */,
				6C4B510529A0EFAA00001683 /* Preview Content */,
			);
			path = "The Mind";
			sourceTree = "<group>";
		};
		6C4B510529A0EFAA00001683 /* Preview Content */ = {
			isa = PBXGroup;
			children = (
				6C4B510629A0EFAA00001683 /* Preview Assets.xcassets */,
			);
			path = "Preview Content";
			sourceTree = "<group>";
		};
/* End PBXGroup section */

/* Begin PBXNativeTarget section */
		6C4B50FB29A0EFA800001683 /* The Mind */ = {
			isa = PBXNativeTarget;
			buildConfigurationList = 6C4B510A29A0EFAA00001683 /* Build configuration list for PBXNativeTarget "The Mind" */;
			buildPhases = (
				6C4B50F829A0EFA800001683 /* Sources */,
				6C4B50F929A0EFA800001683 /* Frameworks */,
				6C4B50FA29A0EFA800001683 /* Resources */,
			);
			buildRules = (
			);
			dependencies = (
			);
			name = "The Mind";
			productName = "The Mind";
			productReference = 6C4B50FC29A0EFA800001683 /* The Mind.app */;
			productType = "com.apple.product-type.application";
		};
/* End PBXNativeTarget section */

/* Begin PBXProject section */
		6C4B50F429A0EFA800001683 /* Project object */ = {
			isa = PBXProject;
			attributes = {
				BuildIndependentTargetsInParallel = 1;
				LastSwiftUpdateCheck = 1420;
				LastUpgradeCheck = 1420;
				TargetAttributes = {
					6C4B50FB29A0EFA800001683 = {
						CreatedOnToolsVersion = 14.2;
					};
				};
			};
			buildConfigurationList = 6C4B50F729A0EFA800001683 /* Build configuration list for PBXProject "The Mind" */;
			compatibilityVersion = "Xcode 14.0";
			developmentRegion = en;
			hasScannedForEncodings = 0;
			knownRegions = (
				en,
				Base,
			);
			mainGroup = 6C4B50F329A0EFA800001683;
			productRefGroup = 6C4B50FD29A0EFA800001683 /* Products */;
			projectDirPath = "";
			projectRoot = "";
			targets = (
				6C4B50FB29A0EFA800001683 /* The Mind */,
			);
		};
/* End PBXProject section */

/* Begin PBXResourcesBuildPhase section */
		6C4B50FA29A0EFA800001683 /* Resources */ = {
			isa = PBXResourcesBuildPhase;
			buildActionMask = 2147483647;
			files = (
				6C4B510729A0EFAA00001683 /* Preview Assets.xcassets in Resources */,
				6C4B510429A0EFAA00001683 /* Assets.xcassets in Resources */,
			);
			runOnlyForDeploymentPostprocessing = 0;
		};
/* End PBXResourcesBuildPhase section */

/* Begin PBXSourcesBuildPhase section */
		6C4B50F829A0EFA800001683 /* Sources */ = {
			isa = PBXSourcesBuildPhase;
			buildActionMask = 2147483647;
			files = (
				0E447FD629BB50FB00439796 /* Procedural.swift in Sources */,
				0E447FD429BB50FB00439796 /* BufferCondition.swift in Sources */,
				6CDEA7A929AA2ED70015F9D1 /* TM_Model.swift in Sources */,
				0E447FD929BB50FB00439796 /* Vision.swift in Sources */,
				6CDEA7AB29AA34D80015F9D1 /* TM_ViewModel.swift in Sources */,
				0E447FDD29BB50FB00439796 /* Support.swift in Sources */,
				0E447FDB29BB50FB00439796 /* SlotCondition.swift in Sources */,
				6CA9C41829BCC72600B0C718 /* MenuView.swift in Sources */,
				0E447FD829BB50FB00439796 /* Temporal.swift in Sources */,
				0E447FDF29BB50FB00439796 /* Declarative.swift in Sources */,
				0E447FE029BB50FB00439796 /* Chunk.swift in Sources */,
				0E447FE129BB50FB00439796 /* Production.swift in Sources */,
				0EBE46A829BB466A009753F8 /* MainView.swift in Sources */,
				0E447FD329BB50FA00439796 /* SlotAction.swift in Sources */,
				0EBE46A629BB4470009753F8 /* GameView.swift in Sources */,
				0E447FD729BB50FB00439796 /* Instantiation.swift in Sources */,
				0E447FDA29BB50FB00439796 /* Tokenizer.swift in Sources */,
				6C4B510029A0EFA800001683 /* The_MindApp.swift in Sources */,
				0E447FD529BB50FB00439796 /* Model.swift in Sources */,
				0E447FDE29BB50FB00439796 /* Parser.swift in Sources */,
				0E447FDC29BB50FB00439796 /* BufferAction.swift in Sources */,
			);
			runOnlyForDeploymentPostprocessing = 0;
		};
/* End PBXSourcesBuildPhase section */

/* Begin XCBuildConfiguration section */
		6C4B510829A0EFAA00001683 /* Debug */ = {
			isa = XCBuildConfiguration;
			buildSettings = {
				ALWAYS_SEARCH_USER_PATHS = NO;
				CLANG_ANALYZER_NONNULL = YES;
				CLANG_ANALYZER_NUMBER_OBJECT_CONVERSION = YES_AGGRESSIVE;
				CLANG_CXX_LANGUAGE_STANDARD = "gnu++20";
				CLANG_ENABLE_MODULES = YES;
				CLANG_ENABLE_OBJC_ARC = YES;
				CLANG_ENABLE_OBJC_WEAK = YES;
				CLANG_WARN_BLOCK_CAPTURE_AUTORELEASING = YES;
				CLANG_WARN_BOOL_CONVERSION = YES;
				CLANG_WARN_COMMA = YES;
				CLANG_WARN_CONSTANT_CONVERSION = YES;
				CLANG_WARN_DEPRECATED_OBJC_IMPLEMENTATIONS = YES;
				CLANG_WARN_DIRECT_OBJC_ISA_USAGE = YES_ERROR;
				CLANG_WARN_DOCUMENTATION_COMMENTS = YES;
				CLANG_WARN_EMPTY_BODY = YES;
				CLANG_WARN_ENUM_CONVERSION = YES;
				CLANG_WARN_INFINITE_RECURSION = YES;
				CLANG_WARN_INT_CONVERSION = YES;
				CLANG_WARN_NON_LITERAL_NULL_CONVERSION = YES;
				CLANG_WARN_OBJC_IMPLICIT_RETAIN_SELF = YES;
				CLANG_WARN_OBJC_LITERAL_CONVERSION = YES;
				CLANG_WARN_OBJC_ROOT_CLASS = YES_ERROR;
				CLANG_WARN_QUOTED_INCLUDE_IN_FRAMEWORK_HEADER = YES;
				CLANG_WARN_RANGE_LOOP_ANALYSIS = YES;
				CLANG_WARN_STRICT_PROTOTYPES = YES;
				CLANG_WARN_SUSPICIOUS_MOVE = YES;
				CLANG_WARN_UNGUARDED_AVAILABILITY = YES_AGGRESSIVE;
				CLANG_WARN_UNREACHABLE_CODE = YES;
				CLANG_WARN__DUPLICATE_METHOD_MATCH = YES;
				COPY_PHASE_STRIP = NO;
				DEBUG_INFORMATION_FORMAT = dwarf;
				ENABLE_STRICT_OBJC_MSGSEND = YES;
				ENABLE_TESTABILITY = YES;
				GCC_C_LANGUAGE_STANDARD = gnu11;
				GCC_DYNAMIC_NO_PIC = NO;
				GCC_NO_COMMON_BLOCKS = YES;
				GCC_OPTIMIZATION_LEVEL = 0;
				GCC_PREPROCESSOR_DEFINITIONS = (
					"DEBUG=1",
					"$(inherited)",
				);
				GCC_WARN_64_TO_32_BIT_CONVERSION = YES;
				GCC_WARN_ABOUT_RETURN_TYPE = YES_ERROR;
				GCC_WARN_UNDECLARED_SELECTOR = YES;
				GCC_WARN_UNINITIALIZED_AUTOS = YES_AGGRESSIVE;
				GCC_WARN_UNUSED_FUNCTION = YES;
				GCC_WARN_UNUSED_VARIABLE = YES;
				IPHONEOS_DEPLOYMENT_TARGET = 16.2;
				MTL_ENABLE_DEBUG_INFO = INCLUDE_SOURCE;
				MTL_FAST_MATH = YES;
				ONLY_ACTIVE_ARCH = YES;
				SDKROOT = iphoneos;
				SWIFT_ACTIVE_COMPILATION_CONDITIONS = DEBUG;
				SWIFT_OPTIMIZATION_LEVEL = "-Onone";
			};
			name = Debug;
		};
		6C4B510929A0EFAA00001683 /* Release */ = {
			isa = XCBuildConfiguration;
			buildSettings = {
				ALWAYS_SEARCH_USER_PATHS = NO;
				CLANG_ANALYZER_NONNULL = YES;
				CLANG_ANALYZER_NUMBER_OBJECT_CONVERSION = YES_AGGRESSIVE;
				CLANG_CXX_LANGUAGE_STANDARD = "gnu++20";
				CLANG_ENABLE_MODULES = YES;
				CLANG_ENABLE_OBJC_ARC = YES;
				CLANG_ENABLE_OBJC_WEAK = YES;
				CLANG_WARN_BLOCK_CAPTURE_AUTORELEASING = YES;
				CLANG_WARN_BOOL_CONVERSION = YES;
				CLANG_WARN_COMMA = YES;
				CLANG_WARN_CONSTANT_CONVERSION = YES;
				CLANG_WARN_DEPRECATED_OBJC_IMPLEMENTATIONS = YES;
				CLANG_WARN_DIRECT_OBJC_ISA_USAGE = YES_ERROR;
				CLANG_WARN_DOCUMENTATION_COMMENTS = YES;
				CLANG_WARN_EMPTY_BODY = YES;
				CLANG_WARN_ENUM_CONVERSION = YES;
				CLANG_WARN_INFINITE_RECURSION = YES;
				CLANG_WARN_INT_CONVERSION = YES;
				CLANG_WARN_NON_LITERAL_NULL_CONVERSION = YES;
				CLANG_WARN_OBJC_IMPLICIT_RETAIN_SELF = YES;
				CLANG_WARN_OBJC_LITERAL_CONVERSION = YES;
				CLANG_WARN_OBJC_ROOT_CLASS = YES_ERROR;
				CLANG_WARN_QUOTED_INCLUDE_IN_FRAMEWORK_HEADER = YES;
				CLANG_WARN_RANGE_LOOP_ANALYSIS = YES;
				CLANG_WARN_STRICT_PROTOTYPES = YES;
				CLANG_WARN_SUSPICIOUS_MOVE = YES;
				CLANG_WARN_UNGUARDED_AVAILABILITY = YES_AGGRESSIVE;
				CLANG_WARN_UNREACHABLE_CODE = YES;
				CLANG_WARN__DUPLICATE_METHOD_MATCH = YES;
				COPY_PHASE_STRIP = NO;
				DEBUG_INFORMATION_FORMAT = "dwarf-with-dsym";
				ENABLE_NS_ASSERTIONS = NO;
				ENABLE_STRICT_OBJC_MSGSEND = YES;
				GCC_C_LANGUAGE_STANDARD = gnu11;
				GCC_NO_COMMON_BLOCKS = YES;
				GCC_WARN_64_TO_32_BIT_CONVERSION = YES;
				GCC_WARN_ABOUT_RETURN_TYPE = YES_ERROR;
				GCC_WARN_UNDECLARED_SELECTOR = YES;
				GCC_WARN_UNINITIALIZED_AUTOS = YES_AGGRESSIVE;
				GCC_WARN_UNUSED_FUNCTION = YES;
				GCC_WARN_UNUSED_VARIABLE = YES;
				IPHONEOS_DEPLOYMENT_TARGET = 16.2;
				MTL_ENABLE_DEBUG_INFO = NO;
				MTL_FAST_MATH = YES;
				SDKROOT = iphoneos;
				SWIFT_COMPILATION_MODE = wholemodule;
				SWIFT_OPTIMIZATION_LEVEL = "-O";
				VALIDATE_PRODUCT = YES;
			};
			name = Release;
		};
		6C4B510B29A0EFAA00001683 /* Debug */ = {
			isa = XCBuildConfiguration;
			buildSettings = {
				ASSETCATALOG_COMPILER_APPICON_NAME = AppIcon;
				ASSETCATALOG_COMPILER_GLOBAL_ACCENT_COLOR_NAME = AccentColor;
				CODE_SIGN_STYLE = Automatic;
				CURRENT_PROJECT_VERSION = 1;
				DEVELOPMENT_ASSET_PATHS = "\"The Mind/Preview Content\"";
				DEVELOPMENT_TEAM = 29MCU4HJ63;
				ENABLE_PREVIEWS = YES;
				GENERATE_INFOPLIST_FILE = YES;
				INFOPLIST_KEY_UIApplicationSceneManifest_Generation = YES;
				INFOPLIST_KEY_UIApplicationSupportsIndirectInputEvents = YES;
				INFOPLIST_KEY_UILaunchScreen_Generation = YES;
				INFOPLIST_KEY_UISupportedInterfaceOrientations_iPad = "UIInterfaceOrientationPortrait UIInterfaceOrientationPortraitUpsideDown UIInterfaceOrientationLandscapeLeft UIInterfaceOrientationLandscapeRight";
				INFOPLIST_KEY_UISupportedInterfaceOrientations_iPhone = "UIInterfaceOrientationPortrait UIInterfaceOrientationLandscapeLeft UIInterfaceOrientationLandscapeRight";
				LD_RUNPATH_SEARCH_PATHS = (
					"$(inherited)",
					"@executable_path/Frameworks",
				);
				MARKETING_VERSION = 1.0;
				PRODUCT_BUNDLE_IDENTIFIER = "cognitive-modelling-group-3.The-Mind";
				PRODUCT_NAME = "$(TARGET_NAME)";
				SWIFT_EMIT_LOC_STRINGS = YES;
				SWIFT_VERSION = 5.0;
				TARGETED_DEVICE_FAMILY = "1,2";
			};
			name = Debug;
		};
		6C4B510C29A0EFAA00001683 /* Release */ = {
			isa = XCBuildConfiguration;
			buildSettings = {
				ASSETCATALOG_COMPILER_APPICON_NAME = AppIcon;
				ASSETCATALOG_COMPILER_GLOBAL_ACCENT_COLOR_NAME = AccentColor;
				CODE_SIGN_STYLE = Automatic;
				CURRENT_PROJECT_VERSION = 1;
				DEVELOPMENT_ASSET_PATHS = "\"The Mind/Preview Content\"";
				DEVELOPMENT_TEAM = 29MCU4HJ63;
				ENABLE_PREVIEWS = YES;
				GENERATE_INFOPLIST_FILE = YES;
				INFOPLIST_KEY_UIApplicationSceneManifest_Generation = YES;
				INFOPLIST_KEY_UIApplicationSupportsIndirectInputEvents = YES;
				INFOPLIST_KEY_UILaunchScreen_Generation = YES;
				INFOPLIST_KEY_UISupportedInterfaceOrientations_iPad = "UIInterfaceOrientationPortrait UIInterfaceOrientationPortraitUpsideDown UIInterfaceOrientationLandscapeLeft UIInterfaceOrientationLandscapeRight";
				INFOPLIST_KEY_UISupportedInterfaceOrientations_iPhone = "UIInterfaceOrientationPortrait UIInterfaceOrientationLandscapeLeft UIInterfaceOrientationLandscapeRight";
				LD_RUNPATH_SEARCH_PATHS = (
					"$(inherited)",
					"@executable_path/Frameworks",
				);
				MARKETING_VERSION = 1.0;
				PRODUCT_BUNDLE_IDENTIFIER = "cognitive-modelling-group-3.The-Mind";
				PRODUCT_NAME = "$(TARGET_NAME)";
				SWIFT_EMIT_LOC_STRINGS = YES;
				SWIFT_VERSION = 5.0;
				TARGETED_DEVICE_FAMILY = "1,2";
			};
			name = Release;
		};
/* End XCBuildConfiguration section */

/* Begin XCConfigurationList section */
		6C4B50F729A0EFA800001683 /* Build configuration list for PBXProject "The Mind" */ = {
			isa = XCConfigurationList;
			buildConfigurations = (
				6C4B510829A0EFAA00001683 /* Debug */,
				6C4B510929A0EFAA00001683 /* Release */,
			);
			defaultConfigurationIsVisible = 0;
			defaultConfigurationName = Release;
		};
		6C4B510A29A0EFAA00001683 /* Build configuration list for PBXNativeTarget "The Mind" */ = {
			isa = XCConfigurationList;
			buildConfigurations = (
				6C4B510B29A0EFAA00001683 /* Debug */,
				6C4B510C29A0EFAA00001683 /* Release */,
			);
			defaultConfigurationIsVisible = 0;
			defaultConfigurationName = Release;
		};
/* End XCConfigurationList section */
	};
	rootObject = 6C4B50F429A0EFA800001683 /* Project object */;
}
